
Microsoft Visual Studio Solution File, Format Version 12.00
# Visual Studio 15
VisualStudioVersion = 15.0.28307.421
MinimumVisualStudioVersion = 10.0.40219.1
Project("{8BC9CEB8-8B4A-11D0-8D11-00A0C91BC942}") = "CrashRpt1403", "thirdparty\CrashRpt_v.1.4.3_r1645\reporting\crashrpt\CrashRpt.vcxproj", "{2C5131A1-8C02-3486-8AB5-C0CAAFADA258}"
	ProjectSection(ProjectDependencies) = postProject
		{4BA5F2C6-6C5D-4D99-9781-C73F5AC214D9} = {4BA5F2C6-6C5D-4D99-9781-C73F5AC214D9}
	EndProjectSection
EndProject
Project("{8BC9CEB8-8B4A-11D0-8D11-00A0C91BC942}") = "CrashRptProbe1403", "thirdparty\CrashRpt_v.1.4.3_r1645\processing\crashrptprobe\CrashRptProbe.vcxproj", "{C14F514A-55C5-3F58-89FF-5852D9532046}"
	ProjectSection(ProjectDependencies) = postProject
		{4CC86504-8DDD-3853-A402-F1E45D1924CB} = {4CC86504-8DDD-3853-A402-F1E45D1924CB}
		{98370A1A-2305-3AE1-8D6B-0841290DE59E} = {98370A1A-2305-3AE1-8D6B-0841290DE59E}
		{42CF0266-F5EF-4A0B-9759-D733FC17539B} = {42CF0266-F5EF-4A0B-9759-D733FC17539B}
	EndProjectSection
EndProject
Project("{8BC9CEB8-8B4A-11D0-8D11-00A0C91BC942}") = "CrashSender1403", "thirdparty\CrashRpt_v.1.4.3_r1645\reporting\crashsender\CrashSender.vcxproj", "{6A7D1E38-AE7B-32B6-8B98-A8C96817EF2B}"
	ProjectSection(ProjectDependencies) = postProject
		{4CC86504-8DDD-3853-A402-F1E45D1924CB} = {4CC86504-8DDD-3853-A402-F1E45D1924CB}
		{30B09509-2893-3529-A441-F1C5EB136B61} = {30B09509-2893-3529-A441-F1C5EB136B61}
		{98370A1A-2305-3AE1-8D6B-0841290DE59E} = {98370A1A-2305-3AE1-8D6B-0841290DE59E}
		{5969AB1D-3891-4E8F-91AD-DF4E5B0EBADF} = {5969AB1D-3891-4E8F-91AD-DF4E5B0EBADF}
		{653F3841-3F26-49B9-AFCF-091DB4B67031} = {653F3841-3F26-49B9-AFCF-091DB4B67031}
		{42CF0266-F5EF-4A0B-9759-D733FC17539B} = {42CF0266-F5EF-4A0B-9759-D733FC17539B}
		{C8BC3784-D513-3C6B-B3DE-C809F8E36324} = {C8BC3784-D513-3C6B-B3DE-C809F8E36324}
	EndProjectSection
EndProject
Project("{8BC9CEB8-8B4A-11D0-8D11-00A0C91BC942}") = "crprober", "thirdparty\CrashRpt_v.1.4.3_r1645\processing\crprober\crprober.vcxproj", "{F1A499B7-0376-3B8C-93E2-7A5D814D3959}"
	ProjectSection(ProjectDependencies) = postProject
		{4CC86504-8DDD-3853-A402-F1E45D1924CB} = {4CC86504-8DDD-3853-A402-F1E45D1924CB}
		{C14F514A-55C5-3F58-89FF-5852D9532046} = {C14F514A-55C5-3F58-89FF-5852D9532046}
	EndProjectSection
EndProject
Project("{2150E333-8FDC-42A3-9474-1A3956D46DE8}") = "0_thirdparty_CrashRpt", "0_thirdparty_CrashRpt", "{D1D54954-D2BE-4696-A892-E744747F9AFA}"
EndProject
Project("{8BC9CEB8-8B4A-11D0-8D11-00A0C91BC942}") = "libzlib", "thirdparty\zlib-1.2.12\libzlib.vcxproj", "{98370A1A-2305-3AE1-8D6B-0841290DE59E}"
EndProject
Project("{8BC9CEB8-8B4A-11D0-8D11-00A0C91BC942}") = "libminizip", "thirdparty\minizip-1.1\libminizip.vcxproj", "{42CF0266-F5EF-4A0B-9759-D733FC17539B}"
EndProject
Project("{8BC9CEB8-8B4A-11D0-8D11-00A0C91BC942}") = "libogg", "thirdparty\ogg-1.3.5\libogg.vcxproj", "{C8BC3784-D513-3C6B-B3DE-C809F8E36324}"
EndProject
Project("{8BC9CEB8-8B4A-11D0-8D11-00A0C91BC942}") = "libpng", "thirdparty\png1637\libpng.vcxproj", "{30B09509-2893-3529-A441-F1C5EB136B61}"
EndProject
Project("{8BC9CEB8-8B4A-11D0-8D11-00A0C91BC942}") = "libjpeg", "thirdparty\jpeg-9e\libjpeg.vcxproj", "{5969AB1D-3891-4E8F-91AD-DF4E5B0EBADF}"
EndProject
Project("{8BC9CEB8-8B4A-11D0-8D11-00A0C91BC942}") = "libtheora", "thirdparty\theora-1.1.1\libtheora.vcxproj", "{653F3841-3F26-49B9-AFCF-091DB4B67031}"
EndProject
Project("{2150E333-8FDC-42A3-9474-1A3956D46DE8}") = "1_dll", "1_dll", "{3CA3CA35-D6A2-430B-B63D-2CCFAD05DFA9}"
EndProject
Project("{2150E333-8FDC-42A3-9474-1A3956D46DE8}") = "2_exe", "2_exe", "{482BBCFF-36BC-4784-8610-9D6CF9DF88DC}"
EndProject
Project("{2150E333-8FDC-42A3-9474-1A3956D46DE8}") = "1_demo", "1_demo", "{0D619258-BBEE-4D38-B9B0-7BBE7F75A814}"
EndProject
Project("{2150E333-8FDC-42A3-9474-1A3956D46DE8}") = "demos", "demos", "{EE6F6D2A-5132-4B01-BB58-3F52AB8D332C}"
EndProject
Project("{2150E333-8FDC-42A3-9474-1A3956D46DE8}") = "tests", "tests", "{D1592D96-BB09-4457-9941-F799998FBC50}"
EndProject
Project("{8BC9CEB8-8B4A-11D0-8D11-00A0C91BC942}") = "ConsoleDemo", "demo\demos\ConsoleDemo\ConsoleDemo.vcxproj", "{EF1089ED-E7FE-3C97-9C39-B1D04725B902}"
	ProjectSection(ProjectDependencies) = postProject
		{2C5131A1-8C02-3486-8AB5-C0CAAFADA258} = {2C5131A1-8C02-3486-8AB5-C0CAAFADA258}
		{4BA5F2C6-6C5D-4D99-9781-C73F5AC214D9} = {4BA5F2C6-6C5D-4D99-9781-C73F5AC214D9}
	EndProjectSection
EndProject
Project("{8BC9CEB8-8B4A-11D0-8D11-00A0C91BC942}") = "MFCDemo", "demo\demos\MFCDemo\MFCDemo.vcxproj", "{DBB52AE7-3A63-3E1F-BC67-8D468DC2833E}"
	ProjectSection(ProjectDependencies) = postProject
		{2C5131A1-8C02-3486-8AB5-C0CAAFADA258} = {2C5131A1-8C02-3486-8AB5-C0CAAFADA258}
	EndProjectSection
EndProject
Project("{8BC9CEB8-8B4A-11D0-8D11-00A0C91BC942}") = "WTLDemo", "demo\demos\WTLDemo\WTLDemo.vcxproj", "{B344803D-05BE-39A2-9E75-DA54B2F29F09}"
	ProjectSection(ProjectDependencies) = postProject
		{2C5131A1-8C02-3486-8AB5-C0CAAFADA258} = {2C5131A1-8C02-3486-8AB5-C0CAAFADA258}
	EndProjectSection
EndProject
Project("{8BC9CEB8-8B4A-11D0-8D11-00A0C91BC942}") = "Tests", "demo\tests\Tests.vcxproj", "{1DF88AB0-A391-34AC-A244-688156A82FE0}"
	ProjectSection(ProjectDependencies) = postProject
		{C14F514A-55C5-3F58-89FF-5852D9532046} = {C14F514A-55C5-3F58-89FF-5852D9532046}
		{2C5131A1-8C02-3486-8AB5-C0CAAFADA258} = {2C5131A1-8C02-3486-8AB5-C0CAAFADA258}
		{4BA5F2C6-6C5D-4D99-9781-C73F5AC214D9} = {4BA5F2C6-6C5D-4D99-9781-C73F5AC214D9}
	EndProjectSection
EndProject
Project("{2150E333-8FDC-42A3-9474-1A3956D46DE8}") = "0_thirdparty_base", "0_thirdparty_base", "{ABA774EC-2568-460F-BB30-6292B30777DF}"
EndProject
Project("{2150E333-8FDC-42A3-9474-1A3956D46DE8}") = "0_lib", "0_lib", "{91629049-18FF-4B32-A9A0-08D43C5EFDD7}"
EndProject
Project("{8BC9CEB8-8B4A-11D0-8D11-00A0C91BC942}") = "libutility", "thirdparty\CrashRpt_v.1.4.3_r1645\utility\libutility.vcxproj", "{4BA5F2C6-6C5D-4D99-9781-C73F5AC214D9}"
EndProject
Project("{8BC9CEB8-8B4A-11D0-8D11-00A0C91BC942}") = "libtinyxml", "thirdparty\tinyxml-2.6.1\libtinyxml.vcxproj", "{4CC86504-8DDD-3853-A402-F1E45D1924CB}"
EndProject
Global
	GlobalSection(SolutionConfigurationPlatforms) = preSolution
		Debug|x64 = Debug|x64
		Release|x64 = Release|x64
	EndGlobalSection
	GlobalSection(ProjectConfigurationPlatforms) = postSolution
		{2C5131A1-8C02-3486-8AB5-C0CAAFADA258}.Debug|x64.ActiveCfg = Debug|x64
		{2C5131A1-8C02-3486-8AB5-C0CAAFADA258}.Debug|x64.Build.0 = Debug|x64
		{2C5131A1-8C02-3486-8AB5-C0CAAFADA258}.Release|x64.ActiveCfg = Release|x64
		{2C5131A1-8C02-3486-8AB5-C0CAAFADA258}.Release|x64.Build.0 = Release|x64
		{C14F514A-55C5-3F58-89FF-5852D9532046}.Debug|x64.ActiveCfg = Debug|x64
		{C14F514A-55C5-3F58-89FF-5852D9532046}.Debug|x64.Build.0 = Debug|x64
		{C14F514A-55C5-3F58-89FF-5852D9532046}.Release|x64.ActiveCfg = Release|x64
		{C14F514A-55C5-3F58-89FF-5852D9532046}.Release|x64.Build.0 = Release|x64
		{6A7D1E38-AE7B-32B6-8B98-A8C96817EF2B}.Debug|x64.ActiveCfg = Debug|x64
		{6A7D1E38-AE7B-32B6-8B98-A8C96817EF2B}.Debug|x64.Build.0 = Debug|x64
		{6A7D1E38-AE7B-32B6-8B98-A8C96817EF2B}.Release|x64.ActiveCfg = Release|x64
		{6A7D1E38-AE7B-32B6-8B98-A8C96817EF2B}.Release|x64.Build.0 = Release|x64
		{F1A499B7-0376-3B8C-93E2-7A5D814D3959}.Debug|x64.ActiveCfg = Debug|x64
		{F1A499B7-0376-3B8C-93E2-7A5D814D3959}.Debug|x64.Build.0 = Debug|x64
		{F1A499B7-0376-3B8C-93E2-7A5D814D3959}.Release|x64.ActiveCfg = Release|x64
		{F1A499B7-0376-3B8C-93E2-7A5D814D3959}.Release|x64.Build.0 = Release|x64
		{98370A1A-2305-3AE1-8D6B-0841290DE59E}.Debug|x64.ActiveCfg = Debug|x64
		{98370A1A-2305-3AE1-8D6B-0841290DE59E}.Debug|x64.Build.0 = Debug|x64
		{98370A1A-2305-3AE1-8D6B-0841290DE59E}.Release|x64.ActiveCfg = Release|x64
		{98370A1A-2305-3AE1-8D6B-0841290DE59E}.Release|x64.Build.0 = Release|x64
		{42CF0266-F5EF-4A0B-9759-D733FC17539B}.Debug|x64.ActiveCfg = Debug|x64
		{42CF0266-F5EF-4A0B-9759-D733FC17539B}.Debug|x64.Build.0 = Debug|x64
		{42CF0266-F5EF-4A0B-9759-D733FC17539B}.Release|x64.ActiveCfg = Release|x64
		{42CF0266-F5EF-4A0B-9759-D733FC17539B}.Release|x64.Build.0 = Release|x64
		{C8BC3784-D513-3C6B-B3DE-C809F8E36324}.Debug|x64.ActiveCfg = Debug|x64
		{C8BC3784-D513-3C6B-B3DE-C809F8E36324}.Debug|x64.Build.0 = Debug|x64
		{C8BC3784-D513-3C6B-B3DE-C809F8E36324}.Release|x64.ActiveCfg = Release|x64
		{C8BC3784-D513-3C6B-B3DE-C809F8E36324}.Release|x64.Build.0 = Release|x64
		{30B09509-2893-3529-A441-F1C5EB136B61}.Debug|x64.ActiveCfg = Debug|x64
		{30B09509-2893-3529-A441-F1C5EB136B61}.Debug|x64.Build.0 = Debug|x64
		{30B09509-2893-3529-A441-F1C5EB136B61}.Release|x64.ActiveCfg = Release|x64
		{30B09509-2893-3529-A441-F1C5EB136B61}.Release|x64.Build.0 = Release|x64
		{5969AB1D-3891-4E8F-91AD-DF4E5B0EBADF}.Debug|x64.ActiveCfg = Debug|x64
		{5969AB1D-3891-4E8F-91AD-DF4E5B0EBADF}.Debug|x64.Build.0 = Debug|x64
		{5969AB1D-3891-4E8F-91AD-DF4E5B0EBADF}.Release|x64.ActiveCfg = Release|x64
		{5969AB1D-3891-4E8F-91AD-DF4E5B0EBADF}.Release|x64.Build.0 = Release|x64
		{653F3841-3F26-49B9-AFCF-091DB4B67031}.Debug|x64.ActiveCfg = Debug|x64
		{653F3841-3F26-49B9-AFCF-091DB4B67031}.Debug|x64.Build.0 = Debug|x64
		{653F3841-3F26-49B9-AFCF-091DB4B67031}.Release|x64.ActiveCfg = Release|x64
		{653F3841-3F26-49B9-AFCF-091DB4B67031}.Release|x64.Build.0 = Release|x64
		{EF1089ED-E7FE-3C97-9C39-B1D04725B902}.Debug|x64.ActiveCfg = Debug|x64
		{EF1089ED-E7FE-3C97-9C39-B1D04725B902}.Debug|x64.Build.0 = Debug|x64
		{EF1089ED-E7FE-3C97-9C39-B1D04725B902}.Release|x64.ActiveCfg = Release|x64
		{EF1089ED-E7FE-3C97-9C39-B1D04725B902}.Release|x64.Build.0 = Release|x64
		{DBB52AE7-3A63-3E1F-BC67-8D468DC2833E}.Debug|x64.ActiveCfg = Debug|x64
		{DBB52AE7-3A63-3E1F-BC67-8D468DC2833E}.Debug|x64.Build.0 = Debug|x64
		{DBB52AE7-3A63-3E1F-BC67-8D468DC2833E}.Release|x64.ActiveCfg = Release|x64
		{DBB52AE7-3A63-3E1F-BC67-8D468DC2833E}.Release|x64.Build.0 = Release|x64
		{B344803D-05BE-39A2-9E75-DA54B2F29F09}.Debug|x64.ActiveCfg = Debug|x64
		{B344803D-05BE-39A2-9E75-DA54B2F29F09}.Debug|x64.Build.0 = Debug|x64
		{B344803D-05BE-39A2-9E75-DA54B2F29F09}.Release|x64.ActiveCfg = Release|x64
		{B344803D-05BE-39A2-9E75-DA54B2F29F09}.Release|x64.Build.0 = Release|x64
		{1DF88AB0-A391-34AC-A244-688156A82FE0}.Debug|x64.ActiveCfg = Debug|x64
		{1DF88AB0-A391-34AC-A244-688156A82FE0}.Debug|x64.Build.0 = Debug|x64
		{1DF88AB0-A391-34AC-A244-688156A82FE0}.Release|x64.ActiveCfg = Release|x64
		{1DF88AB0-A391-34AC-A244-688156A82FE0}.Release|x64.Build.0 = Release|x64
		{4BA5F2C6-6C5D-4D99-9781-C73F5AC214D9}.Debug|x64.ActiveCfg = Debug|x64
		{4BA5F2C6-6C5D-4D99-9781-C73F5AC214D9}.Debug|x64.Build.0 = Debug|x64
		{4BA5F2C6-6C5D-4D99-9781-C73F5AC214D9}.Release|x64.ActiveCfg = Release|x64
		{4BA5F2C6-6C5D-4D99-9781-C73F5AC214D9}.Release|x64.Build.0 = Release|x64
		{4CC86504-8DDD-3853-A402-F1E45D1924CB}.Debug|x64.ActiveCfg = Debug|x64
		{4CC86504-8DDD-3853-A402-F1E45D1924CB}.Debug|x64.Build.0 = Debug|x64
		{4CC86504-8DDD-3853-A402-F1E45D1924CB}.Release|x64.ActiveCfg = Release|x64
		{4CC86504-8DDD-3853-A402-F1E45D1924CB}.Release|x64.Build.0 = Release|x64
	EndGlobalSection
	GlobalSection(SolutionProperties) = preSolution
		HideSolutionNode = FALSE
	EndGlobalSection
	GlobalSection(NestedProjects) = preSolution
		{2C5131A1-8C02-3486-8AB5-C0CAAFADA258} = {3CA3CA35-D6A2-430B-B63D-2CCFAD05DFA9}
		{C14F514A-55C5-3F58-89FF-5852D9532046} = {3CA3CA35-D6A2-430B-B63D-2CCFAD05DFA9}
		{6A7D1E38-AE7B-32B6-8B98-A8C96817EF2B} = {482BBCFF-36BC-4784-8610-9D6CF9DF88DC}
		{F1A499B7-0376-3B8C-93E2-7A5D814D3959} = {482BBCFF-36BC-4784-8610-9D6CF9DF88DC}
		{98370A1A-2305-3AE1-8D6B-0841290DE59E} = {ABA774EC-2568-460F-BB30-6292B30777DF}
		{42CF0266-F5EF-4A0B-9759-D733FC17539B} = {ABA774EC-2568-460F-BB30-6292B30777DF}
		{C8BC3784-D513-3C6B-B3DE-C809F8E36324} = {ABA774EC-2568-460F-BB30-6292B30777DF}
		{30B09509-2893-3529-A441-F1C5EB136B61} = {ABA774EC-2568-460F-BB30-6292B30777DF}
		{5969AB1D-3891-4E8F-91AD-DF4E5B0EBADF} = {ABA774EC-2568-460F-BB30-6292B30777DF}
		{653F3841-3F26-49B9-AFCF-091DB4B67031} = {ABA774EC-2568-460F-BB30-6292B30777DF}
		{3CA3CA35-D6A2-430B-B63D-2CCFAD05DFA9} = {D1D54954-D2BE-4696-A892-E744747F9AFA}
		{482BBCFF-36BC-4784-8610-9D6CF9DF88DC} = {D1D54954-D2BE-4696-A892-E744747F9AFA}
		{EE6F6D2A-5132-4B01-BB58-3F52AB8D332C} = {0D619258-BBEE-4D38-B9B0-7BBE7F75A814}
		{D1592D96-BB09-4457-9941-F799998FBC50} = {0D619258-BBEE-4D38-B9B0-7BBE7F75A814}
		{EF1089ED-E7FE-3C97-9C39-B1D04725B902} = {EE6F6D2A-5132-4B01-BB58-3F52AB8D332C}
		{DBB52AE7-3A63-3E1F-BC67-8D468DC2833E} = {EE6F6D2A-5132-4B01-BB58-3F52AB8D332C}
		{B344803D-05BE-39A2-9E75-DA54B2F29F09} = {EE6F6D2A-5132-4B01-BB58-3F52AB8D332C}
		{1DF88AB0-A391-34AC-A244-688156A82FE0} = {D1592D96-BB09-4457-9941-F799998FBC50}
		{91629049-18FF-4B32-A9A0-08D43C5EFDD7} = {D1D54954-D2BE-4696-A892-E744747F9AFA}
		{4BA5F2C6-6C5D-4D99-9781-C73F5AC214D9} = {91629049-18FF-4B32-A9A0-08D43C5EFDD7}
		{4CC86504-8DDD-3853-A402-F1E45D1924CB} = {ABA774EC-2568-460F-BB30-6292B30777DF}
	EndGlobalSection
	GlobalSection(ExtensibilityGlobals) = postSolution
		SolutionGuid = {9D8AB6E3-8039-393A-92DA-9E559C89753A}
	EndGlobalSection
EndGlobal
